
Microsoft Visual Studio Solution File, Format Version 12.00
# Visual Studio Version 17
VisualStudioVersion = 17.0.31903.59
MinimumVisualStudioVersion = 10.0.40219.1
Project("{2150E333-8FDC-42A3-9474-1A3956D46DE8}") = "Tools", "tools", "{2CCBC88F-4D82-4242-9C97-196D2CE24725}"
EndProject
Project("{FAE04EC0-301F-11D3-BF4B-00C04F79EFBC}") = "ModMaid.DoxyParser", "tools\ModMaid.DoxyParser\ModMaid.DoxyParser.csproj", "{97E2D1C4-D0C2-4061-8B5E-48CEDEEF4E7B}"
EndProject
Global
	GlobalSection(SolutionConfigurationPlatforms) = preSolution
		Debug|Any CPU = Debug|Any CPU
		Release|Any CPU = Release|Any CPU
	EndGlobalSection
	GlobalSection(SolutionProperties) = preSolution
		HideSolutionNode = FALSE
	EndGlobalSection
	GlobalSection(NestedProjects) = preSolution
		{97E2D1C4-D0C2-4061-8B5E-48CEDEEF4E7B} = {2CCBC88F-4D82-4242-9C97-196D2CE24725}
	EndGlobalSection
	GlobalSection(ProjectConfigurationPlatforms) = postSolution
		{97E2D1C4-D0C2-4061-8B5E-48CEDEEF4E7B}.Debug|Any CPU.ActiveCfg = Debug|Any CPU
		{97E2D1C4-D0C2-4061-8B5E-48CEDEEF4E7B}.Debug|Any CPU.Build.0 = Debug|Any CPU
		{97E2D1C4-D0C2-4061-8B5E-48CEDEEF4E7B}.Release|Any CPU.ActiveCfg = Release|Any CPU
		{97E2D1C4-D0C2-4061-8B5E-48CEDEEF4E7B}.Release|Any CPU.Build.0 = Release|Any CPU
	EndGlobalSection
EndGlobal
